// !$*UTF8*$!
{
	archiveVersion = 1;
	classes = {
	};
	objectVersion = 56;
	objects = {

/* Begin PBXBuildFile section */
		C87E07F92A2E1EA900CC50A1 /* Todo.xcdatamodeld in Sources */ = {isa = PBXBuildFile; fileRef = C87E07F72A2E1EA900CC50A1 /* Todo.xcdatamodeld */; };
		C87E07FB2A2E1F7900CC50A1 /* Persistence.swift in Sources */ = {isa = PBXBuildFile; fileRef = C87E07FA2A2E1F7900CC50A1 /* Persistence.swift */; };
		C8E905012A2B37E3002400F4 /* myToDoListApp.swift in Sources */ = {isa = PBXBuildFile; fileRef = C8E905002A2B37E3002400F4 /* myToDoListApp.swift */; };
		C8E905032A2B37E3002400F4 /* ContentView.swift in Sources */ = {isa = PBXBuildFile; fileRef = C8E905022A2B37E3002400F4 /* ContentView.swift */; };
		C8E905052A2B37E4002400F4 /* Assets.xcassets in Resources */ = {isa = PBXBuildFile; fileRef = C8E905042A2B37E4002400F4 /* Assets.xcassets */; };
		C8E905082A2B37E4002400F4 /* Preview Assets.xcassets in Resources */ = {isa = PBXBuildFile; fileRef = C8E905072A2B37E4002400F4 /* Preview Assets.xcassets */; };
		C8E9050F2A2B39E4002400F4 /* ToDoStruct.swift in Sources */ = {isa = PBXBuildFile; fileRef = C8E9050E2A2B39E4002400F4 /* ToDoStruct.swift */; };
		C8E905112A2B46D2002400F4 /* AddNewTodo.swift in Sources */ = {isa = PBXBuildFile; fileRef = C8E905102A2B46D2002400F4 /* AddNewTodo.swift */; };
/* End PBXBuildFile section */

/* Begin PBXFileReference section */
		C87E07F82A2E1EA900CC50A1 /* Todo.xcdatamodel */ = {isa = PBXFileReference; lastKnownFileType = wrapper.xcdatamodel; path = Todo.xcdatamodel; sourceTree = "<group>"; };
		C87E07FA2A2E1F7900CC50A1 /* Persistence.swift */ = {isa = PBXFileReference; lastKnownFileType = sourcecode.swift; path = Persistence.swift; sourceTree = "<group>"; };
		C8E904FD2A2B37E3002400F4 /* myToDoList.app */ = {isa = PBXFileReference; explicitFileType = wrapper.application; includeInIndex = 0; path = myToDoList.app; sourceTree = BUILT_PRODUCTS_DIR; };
		C8E905002A2B37E3002400F4 /* myToDoListApp.swift */ = {isa = PBXFileReference; lastKnownFileType = sourcecode.swift; path = myToDoListApp.swift; sourceTree = "<group>"; };
		C8E905022A2B37E3002400F4 /* ContentView.swift */ = {isa = PBXFileReference; lastKnownFileType = sourcecode.swift; path = ContentView.swift; sourceTree = "<group>"; };
		C8E905042A2B37E4002400F4 /* Assets.xcassets */ = {isa = PBXFileReference; lastKnownFileType = folder.assetcatalog; path = Assets.xcassets; sourceTree = "<group>"; };
		C8E905072A2B37E4002400F4 /* Preview Assets.xcassets */ = {isa = PBXFileReference; lastKnownFileType = folder.assetcatalog; path = "Preview Assets.xcassets"; sourceTree = "<group>"; };
		C8E9050E2A2B39E4002400F4 /* ToDoStruct.swift */ = {isa = PBXFileReference; lastKnownFileType = sourcecode.swift; path = ToDoStruct.swift; sourceTree = "<group>"; };
		C8E905102A2B46D2002400F4 /* AddNewTodo.swift */ = {isa = PBXFileReference; lastKnownFileType = sourcecode.swift; path = AddNewTodo.swift; sourceTree = "<group>"; };
		C8F3FD4A2A39B04B00FFD506 /* Info.plist */ = {isa = PBXFileReference; lastKnownFileType = text.plist; path = Info.plist; sourceTree = "<group>"; };
/* End PBXFileReference section */

/* Begin PBXFrameworksBuildPhase section */
		C8E904FA2A2B37E3002400F4 /* Frameworks */ = {
			isa = PBXFrameworksBuildPhase;
			buildActionMask = 2147483647;
			files = (
			);
			runOnlyForDeploymentPostprocessing = 0;
		};
/* End PBXFrameworksBuildPhase section */

/* Begin PBXGroup section */
		C8E904F42A2B37E3002400F4 = {
			isa = PBXGroup;
			children = (
				C8E904FF2A2B37E3002400F4 /* myToDoList */,
				C8E904FE2A2B37E3002400F4 /* Products */,
			);
			sourceTree = "<group>";
		};
		C8E904FE2A2B37E3002400F4 /* Products */ = {
			isa = PBXGroup;
			children = (
				C8E904FD2A2B37E3002400F4 /* myToDoList.app */,
			);
			name = Products;
			sourceTree = "<group>";
		};
		C8E904FF2A2B37E3002400F4 /* myToDoList */ = {
			isa = PBXGroup;
			children = (
				C8F3FD4A2A39B04B00FFD506 /* Info.plist */,
				C8E905002A2B37E3002400F4 /* myToDoListApp.swift */,
				C8E905102A2B46D2002400F4 /* AddNewTodo.swift */,
				C8E905022A2B37E3002400F4 /* ContentView.swift */,
				C87E07FA2A2E1F7900CC50A1 /* Persistence.swift */,
				C8E9050E2A2B39E4002400F4 /* ToDoStruct.swift */,
				C87E07F72A2E1EA900CC50A1 /* Todo.xcdatamodeld */,
				C8E905042A2B37E4002400F4 /* Assets.xcassets */,
				C8E905062A2B37E4002400F4 /* Preview Content */,
			);
			path = myToDoList;
			sourceTree = "<group>";
		};
		C8E905062A2B37E4002400F4 /* Preview Content */ = {
			isa = PBXGroup;
			children = (
				C8E905072A2B37E4002400F4 /* Preview Assets.xcassets */,
			);
			path = "Preview Content";
			sourceTree = "<group>";
		};
/* End PBXGroup section */

/* Begin PBXNativeTarget section */
		C8E904FC2A2B37E3002400F4 /* myToDoList */ = {
			isa = PBXNativeTarget;
			buildConfigurationList = C8E9050B2A2B37E4002400F4 /* Build configuration list for PBXNativeTarget "myToDoList" */;
			buildPhases = (
				C8E904F92A2B37E3002400F4 /* Sources */,
				C8E904FA2A2B37E3002400F4 /* Frameworks */,
				C8E904FB2A2B37E3002400F4 /* Resources */,
			);
			buildRules = (
			);
			dependencies = (
			);
			name = myToDoList;
			productName = myToDoList;
			productReference = C8E904FD2A2B37E3002400F4 /* myToDoList.app */;
			productType = "com.apple.product-type.application";
		};
/* End PBXNativeTarget section */

/* Begin PBXProject section */
		C8E904F52A2B37E3002400F4 /* Project object */ = {
			isa = PBXProject;
			attributes = {
				BuildIndependentTargetsInParallel = 1;
				LastSwiftUpdateCheck = 1420;
				LastUpgradeCheck = 1420;
				TargetAttributes = {
					C8E904FC2A2B37E3002400F4 = {
						CreatedOnToolsVersion = 14.2;
					};
				};
			};
			buildConfigurationList = C8E904F82A2B37E3002400F4 /* Build configuration list for PBXProject "myToDoList" */;
			compatibilityVersion = "Xcode 14.0";
			developmentRegion = en;
			hasScannedForEncodings = 0;
			knownRegions = (
				en,
				Base,
			);
			mainGroup = C8E904F42A2B37E3002400F4;
			productRefGroup = C8E904FE2A2B37E3002400F4 /* Products */;
			projectDirPath = "";
			projectRoot = "";
			targets = (
				C8E904FC2A2B37E3002400F4 /* myToDoList */,
			);
		};
/* End PBXProject section */

/* Begin PBXResourcesBuildPhase section */
		C8E904FB2A2B37E3002400F4 /* Resources */ = {
			isa = PBXResourcesBuildPhase;
			buildActionMask = 2147483647;
			files = (
				C8E905082A2B37E4002400F4 /* Preview Assets.xcassets in Resources */,
				C8E905052A2B37E4002400F4 /* Assets.xcassets in Resources */,
			);
			runOnlyForDeploymentPostprocessing = 0;
		};
/* End PBXResourcesBuildPhase section */

/* Begin PBXSourcesBuildPhase section */
		C8E904F92A2B37E3002400F4 /* Sources */ = {
			isa = PBXSourcesBuildPhase;
			buildActionMask = 2147483647;
			files = (
				C8E905112A2B46D2002400F4 /* AddNewTodo.swift in Sources */,
				C87E07F92A2E1EA900CC50A1 /* Todo.xcdatamodeld in Sources */,
				C8E905032A2B37E3002400F4 /* ContentView.swift in Sources */,
				C87E07FB2A2E1F7900CC50A1 /* Persistence.swift in Sources */,
				C8E9050F2A2B39E4002400F4 /* ToDoStruct.swift in Sources */,
				C8E905012A2B37E3002400F4 /* myToDoListApp.swift in Sources */,
			);
			runOnlyForDeploymentPostprocessing = 0;
		};
/* End PBXSourcesBuildPhase section */

/* Begin XCBuildConfiguration section */
		C8E905092A2B37E4002400F4 /* Debug */ = {
			isa = XCBuildConfiguration;
			buildSettings = {
				ALWAYS_SEARCH_USER_PATHS = NO;
				CLANG_ANALYZER_NONNULL = YES;
				CLANG_ANALYZER_NUMBER_OBJECT_CONVERSION = YES_AGGRESSIVE;
				CLANG_CXX_LANGUAGE_STANDARD = "gnu++20";
				CLANG_ENABLE_MODULES = YES;
				CLANG_ENABLE_OBJC_ARC = YES;
				CLANG_ENABLE_OBJC_WEAK = YES;
				CLANG_WARN_BLOCK_CAPTURE_AUTORELEASING = YES;
				CLANG_WARN_BOOL_CONVERSION = YES;
				CLANG_WARN_COMMA = YES;
				CLANG_WARN_CONSTANT_CONVERSION = YES;
				CLANG_WARN_DEPRECATED_OBJC_IMPLEMENTATIONS = YES;
				CLANG_WARN_DIRECT_OBJC_ISA_USAGE = YES_ERROR;
				CLANG_WARN_DOCUMENTATION_COMMENTS = YES;
				CLANG_WARN_EMPTY_BODY = YES;
				CLANG_WARN_ENUM_CONVERSION = YES;
				CLANG_WARN_INFINITE_RECURSION = YES;
				CLANG_WARN_INT_CONVERSION = YES;
				CLANG_WARN_NON_LITERAL_NULL_CONVERSION = YES;
				CLANG_WARN_OBJC_IMPLICIT_RETAIN_SELF = YES;
				CLANG_WARN_OBJC_LITERAL_CONVERSION = YES;
				CLANG_WARN_OBJC_ROOT_CLASS = YES_ERROR;
				CLANG_WARN_QUOTED_INCLUDE_IN_FRAMEWORK_HEADER = YES;
				CLANG_WARN_RANGE_LOOP_ANALYSIS = YES;
				CLANG_WARN_STRICT_PROTOTYPES = YES;
				CLANG_WARN_SUSPICIOUS_MOVE = YES;
				CLANG_WARN_UNGUARDED_AVAILABILITY = YES_AGGRESSIVE;
				CLANG_WARN_UNREACHABLE_CODE = YES;
				CLANG_WARN__DUPLICATE_METHOD_MATCH = YES;
				COPY_PHASE_STRIP = NO;
				DEBUG_INFORMATION_FORMAT = dwarf;
				ENABLE_STRICT_OBJC_MSGSEND = YES;
				ENABLE_TESTABILITY = YES;
				GCC_C_LANGUAGE_STANDARD = gnu11;
				GCC_DYNAMIC_NO_PIC = NO;
				GCC_NO_COMMON_BLOCKS = YES;
				GCC_OPTIMIZATION_LEVEL = 0;
				GCC_PREPROCESSOR_DEFINITIONS = (
					"DEBUG=1",
					"$(inherited)",
				);
				GCC_WARN_64_TO_32_BIT_CONVERSION = YES;
				GCC_WARN_ABOUT_RETURN_TYPE = YES_ERROR;
				GCC_WARN_UNDECLARED_SELECTOR = YES;
				GCC_WARN_UNINITIALIZED_AUTOS = YES_AGGRESSIVE;
				GCC_WARN_UNUSED_FUNCTION = YES;
				GCC_WARN_UNUSED_VARIABLE = YES;
				IPHONEOS_DEPLOYMENT_TARGET = 16.2;
				MTL_ENABLE_DEBUG_INFO = INCLUDE_SOURCE;
				MTL_FAST_MATH = YES;
				ONLY_ACTIVE_ARCH = YES;
				SDKROOT = iphoneos;
				SWIFT_ACTIVE_COMPILATION_CONDITIONS = DEBUG;
				SWIFT_OPTIMIZATION_LEVEL = "-Onone";
			};
			name = Debug;
		};
		C8E9050A2A2B37E4002400F4 /* Release */ = {
			isa = XCBuildConfiguration;
			buildSettings = {
				ALWAYS_SEARCH_USER_PATHS = NO;
				CLANG_ANALYZER_NONNULL = YES;
				CLANG_ANALYZER_NUMBER_OBJECT_CONVERSION = YES_AGGRESSIVE;
				CLANG_CXX_LANGUAGE_STANDARD = "gnu++20";
				CLANG_ENABLE_MODULES = YES;
				CLANG_ENABLE_OBJC_ARC = YES;
				CLANG_ENABLE_OBJC_WEAK = YES;
				CLANG_WARN_BLOCK_CAPTURE_AUTORELEASING = YES;
				CLANG_WARN_BOOL_CONVERSION = YES;
				CLANG_WARN_COMMA = YES;
				CLANG_WARN_CONSTANT_CONVERSION = YES;
				CLANG_WARN_DEPRECATED_OBJC_IMPLEMENTATIONS = YES;
				CLANG_WARN_DIRECT_OBJC_ISA_USAGE = YES_ERROR;
				CLANG_WARN_DOCUMENTATION_COMMENTS = YES;
				CLANG_WARN_EMPTY_BODY = YES;
				CLANG_WARN_ENUM_CONVERSION = YES;
				CLANG_WARN_INFINITE_RECURSION = YES;
				CLANG_WARN_INT_CONVERSION = YES;
				CLANG_WARN_NON_LITERAL_NULL_CONVERSION = YES;
				CLANG_WARN_OBJC_IMPLICIT_RETAIN_SELF = YES;
				CLANG_WARN_OBJC_LITERAL_CONVERSION = YES;
				CLANG_WARN_OBJC_ROOT_CLASS = YES_ERROR;
				CLANG_WARN_QUOTED_INCLUDE_IN_FRAMEWORK_HEADER = YES;
				CLANG_WARN_RANGE_LOOP_ANALYSIS = YES;
				CLANG_WARN_STRICT_PROTOTYPES = YES;
				CLANG_WARN_SUSPICIOUS_MOVE = YES;
				CLANG_WARN_UNGUARDED_AVAILABILITY = YES_AGGRESSIVE;
				CLANG_WARN_UNREACHABLE_CODE = YES;
				CLANG_WARN__DUPLICATE_METHOD_MATCH = YES;
				COPY_PHASE_STRIP = NO;
				DEBUG_INFORMATION_FORMAT = "dwarf-with-dsym";
				ENABLE_NS_ASSERTIONS = NO;
				ENABLE_STRICT_OBJC_MSGSEND = YES;
				GCC_C_LANGUAGE_STANDARD = gnu11;
				GCC_NO_COMMON_BLOCKS = YES;
				GCC_WARN_64_TO_32_BIT_CONVERSION = YES;
				GCC_WARN_ABOUT_RETURN_TYPE = YES_ERROR;
				GCC_WARN_UNDECLARED_SELECTOR = YES;
				GCC_WARN_UNINITIALIZED_AUTOS = YES_AGGRESSIVE;
				GCC_WARN_UNUSED_FUNCTION = YES;
				GCC_WARN_UNUSED_VARIABLE = YES;
				IPHONEOS_DEPLOYMENT_TARGET = 16.2;
				MTL_ENABLE_DEBUG_INFO = NO;
				MTL_FAST_MATH = YES;
				SDKROOT = iphoneos;
				SWIFT_COMPILATION_MODE = wholemodule;
				SWIFT_OPTIMIZATION_LEVEL = "-O";
				VALIDATE_PRODUCT = YES;
			};
			name = Release;
		};
		C8E9050C2A2B37E4002400F4 /* Debug */ = {
			isa = XCBuildConfiguration;
			buildSettings = {
				ASSETCATALOG_COMPILER_APPICON_NAME = AppIcon;
				ASSETCATALOG_COMPILER_GLOBAL_ACCENT_COLOR_NAME = AccentColor;
				CODE_SIGN_STYLE = Automatic;
				CURRENT_PROJECT_VERSION = 1;
				DEVELOPMENT_ASSET_PATHS = "\"myToDoList/Preview Content\"";
				DEVELOPMENT_TEAM = 74A473948L;
				ENABLE_PREVIEWS = YES;
				GENERATE_INFOPLIST_FILE = YES;
				INFOPLIST_FILE = myToDoList/Info.plist;
				INFOPLIST_KEY_LSApplicationCategoryType = "";
				INFOPLIST_KEY_UIApplicationSceneManifest_Generation = YES;
				INFOPLIST_KEY_UIApplicationSupportsIndirectInputEvents = YES;
				INFOPLIST_KEY_UISupportedInterfaceOrientations_iPad = "UIInterfaceOrientationPortrait UIInterfaceOrientationPortraitUpsideDown UIInterfaceOrientationLandscapeLeft UIInterfaceOrientationLandscapeRight";
				INFOPLIST_KEY_UISupportedInterfaceOrientations_iPhone = "UIInterfaceOrientationPortrait UIInterfaceOrientationLandscapeLeft UIInterfaceOrientationLandscapeRight";
				LD_RUNPATH_SEARCH_PATHS = (
					"$(inherited)",
					"@executable_path/Frameworks",
				);
				MARKETING_VERSION = 1.0;
				PRODUCT_BUNDLE_IDENTIFIER = "Vasily-1.myToDoList";
				PRODUCT_NAME = "$(TARGET_NAME)";
				SWIFT_EMIT_LOC_STRINGS = YES;
				SWIFT_VERSION = 5.0;
				TARGETED_DEVICE_FAMILY = "1,2";
			};
			name = Debug;
		};
		C8E9050D2A2B37E4002400F4 /* Release */ = {
			isa = XCBuildConfiguration;
			buildSettings = {
				ASSETCATALOG_COMPILER_APPICON_NAME = AppIcon;
				ASSETCATALOG_COMPILER_GLOBAL_ACCENT_COLOR_NAME = AccentColor;
				CODE_SIGN_STYLE = Automatic;
				CURRENT_PROJECT_VERSION = 1;
				DEVELOPMENT_ASSET_PATHS = "\"myToDoList/Preview Content\"";
				DEVELOPMENT_TEAM = 74A473948L;
				ENABLE_PREVIEWS = YES;
				GENERATE_INFOPLIST_FILE = YES;
				INFOPLIST_FILE = myToDoList/Info.plist;
				INFOPLIST_KEY_LSApplicationCategoryType = "";
				INFOPLIST_KEY_UIApplicationSceneManifest_Generation = YES;
				INFOPLIST_KEY_UIApplicationSupportsIndirectInputEvents = YES;
				INFOPLIST_KEY_UISupportedInterfaceOrientations_iPad = "UIInterfaceOrientationPortrait UIInterfaceOrientationPortraitUpsideDown UIInterfaceOrientationLandscapeLeft UIInterfaceOrientationLandscapeRight";
				INFOPLIST_KEY_UISupportedInterfaceOrientations_iPhone = "UIInterfaceOrientationPortrait UIInterfaceOrientationLandscapeLeft UIInterfaceOrientationLandscapeRight";
				LD_RUNPATH_SEARCH_PATHS = (
					"$(inherited)",
					"@executable_path/Frameworks",
				);
				MARKETING_VERSION = 1.0;
				PRODUCT_BUNDLE_IDENTIFIER = "Vasily-1.myToDoList";
				PRODUCT_NAME = "$(TARGET_NAME)";
				SWIFT_EMIT_LOC_STRINGS = YES;
				SWIFT_VERSION = 5.0;
				TARGETED_DEVICE_FAMILY = "1,2";
			};
			name = Release;
		};
/* End XCBuildConfiguration section */

/* Begin XCConfigurationList section */
		C8E904F82A2B37E3002400F4 /* Build configuration list for PBXProject "myToDoList" */ = {
			isa = XCConfigurationList;
			buildConfigurations = (
				C8E905092A2B37E4002400F4 /* Debug */,
				C8E9050A2A2B37E4002400F4 /* Release */,
			);
			defaultConfigurationIsVisible = 0;
			defaultConfigurationName = Release;
		};
		C8E9050B2A2B37E4002400F4 /* Build configuration list for PBXNativeTarget "myToDoList" */ = {
			isa = XCConfigurationList;
			buildConfigurations = (
				C8E9050C2A2B37E4002400F4 /* Debug */,
				C8E9050D2A2B37E4002400F4 /* Release */,
			);
			defaultConfigurationIsVisible = 0;
			defaultConfigurationName = Release;
		};
/* End XCConfigurationList section */

/* Begin XCVersionGroup section */
		C87E07F72A2E1EA900CC50A1 /* Todo.xcdatamodeld */ = {
			isa = XCVersionGroup;
			children = (
				C87E07F82A2E1EA900CC50A1 /* Todo.xcdatamodel */,
			);
			currentVersion = C87E07F82A2E1EA900CC50A1 /* Todo.xcdatamodel */;
			path = Todo.xcdatamodeld;
			sourceTree = "<group>";
			versionGroupType = wrapper.xcdatamodel;
		};
/* End XCVersionGroup section */
	};
	rootObject = C8E904F52A2B37E3002400F4 /* Project object */;
}
